{
  "name": "teto-teste01",
  "version": "1.0.0",
  "lockfileVersion": 1,
  "requires": true,
  "dependencies": {
    "boleto-node": {
      "version": "2.0.11",
      "resolved": "https://registry.npmjs.org/boleto-node/-/boleto-node-2.0.11.tgz",
      "integrity": "sha1-PiPGIzNxptnOfYVXjUlwMxKM19Q=",
      "requires": {
        "ejs": "2.5.5"
      }
    },
    "ejs": {
      "version": "2.5.5",
      "resolved": "https://registry.npmjs.org/ejs/-/ejs-2.5.5.tgz",
      "integrity": "sha1-bvTpVOp9z1T2aq0v56pCGTLZ7Xc="
    }
  }
}
